// !$*UTF8*$!
{
	archiveVersion = 1;
	classes = {
	};
	objectVersion = 50;
	objects = {

/* Begin PBXBuildFile section */
		0B006CB523B6647100B6222E /* AppDelegate.swift in Sources */ = {isa = PBXBuildFile; fileRef = 0B006CB423B6647100B6222E /* AppDelegate.swift */; };
		0B006CB723B6647100B6222E /* SceneDelegate.swift in Sources */ = {isa = PBXBuildFile; fileRef = 0B006CB623B6647100B6222E /* SceneDelegate.swift */; };
		0B006CB923B6647100B6222E /* ViewController.swift in Sources */ = {isa = PBXBuildFile; fileRef = 0B006CB823B6647100B6222E /* ViewController.swift */; };
		0B006CBC23B6647100B6222E /* Main.storyboard in Resources */ = {isa = PBXBuildFile; fileRef = 0B006CBA23B6647100B6222E /* Main.storyboard */; };
		0B006CBE23B6647500B6222E /* Assets.xcassets in Resources */ = {isa = PBXBuildFile; fileRef = 0B006CBD23B6647500B6222E /* Assets.xcassets */; };
		0B006CC123B6647500B6222E /* LaunchScreen.storyboard in Resources */ = {isa = PBXBuildFile; fileRef = 0B006CBF23B6647500B6222E /* LaunchScreen.storyboard */; };
		0B006CCC23B6647500B6222E /* MovieTests.swift in Sources */ = {isa = PBXBuildFile; fileRef = 0B006CCB23B6647500B6222E /* MovieTests.swift */; };
		0B006CD723B66B7E00B6222E /* Movie.swift in Sources */ = {isa = PBXBuildFile; fileRef = 0B006CD623B66B7E00B6222E /* Movie.swift */; };
		0B006CD923B67DE500B6222E /* MovieManager.swift in Sources */ = {isa = PBXBuildFile; fileRef = 0B006CD823B67DE500B6222E /* MovieManager.swift */; };
		0B006CDB23B683FA00B6222E /* MovieCell.swift in Sources */ = {isa = PBXBuildFile; fileRef = 0B006CDA23B683FA00B6222E /* MovieCell.swift */; };
/* End PBXBuildFile section */

/* Begin PBXContainerItemProxy section */
		0B006CC823B6647500B6222E /* PBXContainerItemProxy */ = {
			isa = PBXContainerItemProxy;
			containerPortal = 0B006CA923B6647100B6222E /* Project object */;
			proxyType = 1;
			remoteGlobalIDString = 0B006CB023B6647100B6222E;
			remoteInfo = Movie;
		};
/* End PBXContainerItemProxy section */

/* Begin PBXFileReference section */
		0B006CB123B6647100B6222E /* Movie.app */ = {isa = PBXFileReference; explicitFileType = wrapper.application; includeInIndex = 0; path = Movie.app; sourceTree = BUILT_PRODUCTS_DIR; };
		0B006CB423B6647100B6222E /* AppDelegate.swift */ = {isa = PBXFileReference; lastKnownFileType = sourcecode.swift; path = AppDelegate.swift; sourceTree = "<group>"; };
		0B006CB623B6647100B6222E /* SceneDelegate.swift */ = {isa = PBXFileReference; lastKnownFileType = sourcecode.swift; path = SceneDelegate.swift; sourceTree = "<group>"; };
		0B006CB823B6647100B6222E /* ViewController.swift */ = {isa = PBXFileReference; lastKnownFileType = sourcecode.swift; path = ViewController.swift; sourceTree = "<group>"; };
		0B006CBB23B6647100B6222E /* Base */ = {isa = PBXFileReference; lastKnownFileType = file.storyboard; name = Base; path = Base.lproj/Main.storyboard; sourceTree = "<group>"; };
		0B006CBD23B6647500B6222E /* Assets.xcassets */ = {isa = PBXFileReference; lastKnownFileType = folder.assetcatalog; path = Assets.xcassets; sourceTree = "<group>"; };
		0B006CC023B6647500B6222E /* Base */ = {isa = PBXFileReference; lastKnownFileType = file.storyboard; name = Base; path = Base.lproj/LaunchScreen.storyboard; sourceTree = "<group>"; };
		0B006CC223B6647500B6222E /* Info.plist */ = {isa = PBXFileReference; lastKnownFileType = text.plist.xml; path = Info.plist; sourceTree = "<group>"; };
		0B006CC723B6647500B6222E /* MovieTests.xctest */ = {isa = PBXFileReference; explicitFileType = wrapper.cfbundle; includeInIndex = 0; path = MovieTests.xctest; sourceTree = BUILT_PRODUCTS_DIR; };
		0B006CCB23B6647500B6222E /* MovieTests.swift */ = {isa = PBXFileReference; lastKnownFileType = sourcecode.swift; path = MovieTests.swift; sourceTree = "<group>"; };
		0B006CCD23B6647500B6222E /* Info.plist */ = {isa = PBXFileReference; lastKnownFileType = text.plist.xml; path = Info.plist; sourceTree = "<group>"; };
		0B006CD623B66B7E00B6222E /* Movie.swift */ = {isa = PBXFileReference; lastKnownFileType = sourcecode.swift; path = Movie.swift; sourceTree = "<group>"; };
		0B006CD823B67DE500B6222E /* MovieManager.swift */ = {isa = PBXFileReference; lastKnownFileType = sourcecode.swift; path = MovieManager.swift; sourceTree = "<group>"; };
		0B006CDA23B683FA00B6222E /* MovieCell.swift */ = {isa = PBXFileReference; lastKnownFileType = sourcecode.swift; path = MovieCell.swift; sourceTree = "<group>"; };
/* End PBXFileReference section */

/* Begin PBXFrameworksBuildPhase section */
		0B006CAE23B6647100B6222E /* Frameworks */ = {
			isa = PBXFrameworksBuildPhase;
			buildActionMask = 2147483647;
			files = (
			);
			runOnlyForDeploymentPostprocessing = 0;
		};
		0B006CC423B6647500B6222E /* Frameworks */ = {
			isa = PBXFrameworksBuildPhase;
			buildActionMask = 2147483647;
			files = (
			);
			runOnlyForDeploymentPostprocessing = 0;
		};
/* End PBXFrameworksBuildPhase section */

/* Begin PBXGroup section */
		0B006CA823B6647100B6222E = {
			isa = PBXGroup;
			children = (
				0B006CB323B6647100B6222E /* Movie */,
				0B006CCA23B6647500B6222E /* MovieTests */,
				0B006CB223B6647100B6222E /* Products */,
			);
			sourceTree = "<group>";
		};
		0B006CB223B6647100B6222E /* Products */ = {
			isa = PBXGroup;
			children = (
				0B006CB123B6647100B6222E /* Movie.app */,
				0B006CC723B6647500B6222E /* MovieTests.xctest */,
			);
			name = Products;
			sourceTree = "<group>";
		};
		0B006CB323B6647100B6222E /* Movie */ = {
			isa = PBXGroup;
			children = (
				0B006CB423B6647100B6222E /* AppDelegate.swift */,
				0B006CB623B6647100B6222E /* SceneDelegate.swift */,
				0B006CB823B6647100B6222E /* ViewController.swift */,
				0B006CD623B66B7E00B6222E /* Movie.swift */,
				0B006CD823B67DE500B6222E /* MovieManager.swift */,
				0B006CDA23B683FA00B6222E /* MovieCell.swift */,
				0B006CBA23B6647100B6222E /* Main.storyboard */,
				0B006CBD23B6647500B6222E /* Assets.xcassets */,
				0B006CBF23B6647500B6222E /* LaunchScreen.storyboard */,
				0B006CC223B6647500B6222E /* Info.plist */,
			);
			path = Movie;
			sourceTree = "<group>";
		};
		0B006CCA23B6647500B6222E /* MovieTests */ = {
			isa = PBXGroup;
			children = (
				0B006CCB23B6647500B6222E /* MovieTests.swift */,
				0B006CCD23B6647500B6222E /* Info.plist */,
			);
			path = MovieTests;
			sourceTree = "<group>";
		};
/* End PBXGroup section */

/* Begin PBXNativeTarget section */
		0B006CB023B6647100B6222E /* Movie */ = {
			isa = PBXNativeTarget;
			buildConfigurationList = 0B006CD023B6647500B6222E /* Build configuration list for PBXNativeTarget "Movie" */;
			buildPhases = (
				0B006CAD23B6647100B6222E /* Sources */,
				0B006CAE23B6647100B6222E /* Frameworks */,
				0B006CAF23B6647100B6222E /* Resources */,
			);
			buildRules = (
			);
			dependencies = (
			);
			name = Movie;
			productName = Movie;
			productReference = 0B006CB123B6647100B6222E /* Movie.app */;
			productType = "com.apple.product-type.application";
		};
		0B006CC623B6647500B6222E /* MovieTests */ = {
			isa = PBXNativeTarget;
			buildConfigurationList = 0B006CD323B6647500B6222E /* Build configuration list for PBXNativeTarget "MovieTests" */;
			buildPhases = (
				0B006CC323B6647500B6222E /* Sources */,
				0B006CC423B6647500B6222E /* Frameworks */,
				0B006CC523B6647500B6222E /* Resources */,
			);
			buildRules = (
			);
			dependencies = (
				0B006CC923B6647500B6222E /* PBXTargetDependency */,
			);
			name = MovieTests;
			productName = MovieTests;
			productReference = 0B006CC723B6647500B6222E /* MovieTests.xctest */;
			productType = "com.apple.product-type.bundle.unit-test";
		};
/* End PBXNativeTarget section */

/* Begin PBXProject section */
		0B006CA923B6647100B6222E /* Project object */ = {
			isa = PBXProject;
			attributes = {
				LastSwiftUpdateCheck = 1130;
				LastUpgradeCheck = 1130;
				ORGANIZATIONNAME = Rupika;
				TargetAttributes = {
					0B006CB023B6647100B6222E = {
						CreatedOnToolsVersion = 11.3;
					};
					0B006CC623B6647500B6222E = {
						CreatedOnToolsVersion = 11.3;
						TestTargetID = 0B006CB023B6647100B6222E;
					};
				};
			};
			buildConfigurationList = 0B006CAC23B6647100B6222E /* Build configuration list for PBXProject "Movie" */;
			compatibilityVersion = "Xcode 9.3";
			developmentRegion = en;
			hasScannedForEncodings = 0;
			knownRegions = (
				en,
				Base,
			);
			mainGroup = 0B006CA823B6647100B6222E;
			productRefGroup = 0B006CB223B6647100B6222E /* Products */;
			projectDirPath = "";
			projectRoot = "";
			targets = (
				0B006CB023B6647100B6222E /* Movie */,
				0B006CC623B6647500B6222E /* MovieTests */,
			);
		};
/* End PBXProject section */

/* Begin PBXResourcesBuildPhase section */
		0B006CAF23B6647100B6222E /* Resources */ = {
			isa = PBXResourcesBuildPhase;
			buildActionMask = 2147483647;
			files = (
				0B006CC123B6647500B6222E /* LaunchScreen.storyboard in Resources */,
				0B006CBE23B6647500B6222E /* Assets.xcassets in Resources */,
				0B006CBC23B6647100B6222E /* Main.storyboard in Resources */,
			);
			runOnlyForDeploymentPostprocessing = 0;
		};
		0B006CC523B6647500B6222E /* Resources */ = {
			isa = PBXResourcesBuildPhase;
			buildActionMask = 2147483647;
			files = (
			);
			runOnlyForDeploymentPostprocessing = 0;
		};
/* End PBXResourcesBuildPhase section */

/* Begin PBXSourcesBuildPhase section */
		0B006CAD23B6647100B6222E /* Sources */ = {
			isa = PBXSourcesBuildPhase;
			buildActionMask = 2147483647;
			files = (
				0B006CB923B6647100B6222E /* ViewController.swift in Sources */,
				0B006CB523B6647100B6222E /* AppDelegate.swift in Sources */,
				0B006CDB23B683FA00B6222E /* MovieCell.swift in Sources */,
				0B006CD923B67DE500B6222E /* MovieManager.swift in Sources */,
				0B006CD723B66B7E00B6222E /* Movie.swift in Sources */,
				0B006CB723B6647100B6222E /* SceneDelegate.swift in Sources */,
			);
			runOnlyForDeploymentPostprocessing = 0;
		};
		0B006CC323B6647500B6222E /* Sources */ = {
			isa = PBXSourcesBuildPhase;
			buildActionMask = 2147483647;
			files = (
				0B006CCC23B6647500B6222E /* MovieTests.swift in Sources */,
			);
			runOnlyForDeploymentPostprocessing = 0;
		};
/* End PBXSourcesBuildPhase section */

/* Begin PBXTargetDependency section */
		0B006CC923B6647500B6222E /* PBXTargetDependency */ = {
			isa = PBXTargetDependency;
			target = 0B006CB023B6647100B6222E /* Movie */;
			targetProxy = 0B006CC823B6647500B6222E /* PBXContainerItemProxy */;
		};
/* End PBXTargetDependency section */

/* Begin PBXVariantGroup section */
		0B006CBA23B6647100B6222E /* Main.storyboard */ = {
			isa = PBXVariantGroup;
			children = (
				0B006CBB23B6647100B6222E /* Base */,
			);
			name = Main.storyboard;
			sourceTree = "<group>";
		};
		0B006CBF23B6647500B6222E /* LaunchScreen.storyboard */ = {
			isa = PBXVariantGroup;
			children = (
				0B006CC023B6647500B6222E /* Base */,
			);
			name = LaunchScreen.storyboard;
			sourceTree = "<group>";
		};
/* End PBXVariantGroup section */

/* Begin XCBuildConfiguration section */
		0B006CCE23B6647500B6222E /* Debug */ = {
			isa = XCBuildConfiguration;
			buildSettings = {
				ALWAYS_SEARCH_USER_PATHS = NO;
				CLANG_ANALYZER_NONNULL = YES;
				CLANG_ANALYZER_NUMBER_OBJECT_CONVERSION = YES_AGGRESSIVE;
				CLANG_CXX_LANGUAGE_STANDARD = "gnu++14";
				CLANG_CXX_LIBRARY = "libc++";
				CLANG_ENABLE_MODULES = YES;
				CLANG_ENABLE_OBJC_ARC = YES;
				CLANG_ENABLE_OBJC_WEAK = YES;
				CLANG_WARN_BLOCK_CAPTURE_AUTORELEASING = YES;
				CLANG_WARN_BOOL_CONVERSION = YES;
				CLANG_WARN_COMMA = YES;
				CLANG_WARN_CONSTANT_CONVERSION = YES;
				CLANG_WARN_DEPRECATED_OBJC_IMPLEMENTATIONS = YES;
				CLANG_WARN_DIRECT_OBJC_ISA_USAGE = YES_ERROR;
				CLANG_WARN_DOCUMENTATION_COMMENTS = YES;
				CLANG_WARN_EMPTY_BODY = YES;
				CLANG_WARN_ENUM_CONVERSION = YES;
				CLANG_WARN_INFINITE_RECURSION = YES;
				CLANG_WARN_INT_CONVERSION = YES;
				CLANG_WARN_NON_LITERAL_NULL_CONVERSION = YES;
				CLANG_WARN_OBJC_IMPLICIT_RETAIN_SELF = YES;
				CLANG_WARN_OBJC_LITERAL_CONVERSION = YES;
				CLANG_WARN_OBJC_ROOT_CLASS = YES_ERROR;
				CLANG_WARN_RANGE_LOOP_ANALYSIS = YES;
				CLANG_WARN_STRICT_PROTOTYPES = YES;
				CLANG_WARN_SUSPICIOUS_MOVE = YES;
				CLANG_WARN_UNGUARDED_AVAILABILITY = YES_AGGRESSIVE;
				CLANG_WARN_UNREACHABLE_CODE = YES;
				CLANG_WARN__DUPLICATE_METHOD_MATCH = YES;
				COPY_PHASE_STRIP = NO;
				DEBUG_INFORMATION_FORMAT = dwarf;
				ENABLE_STRICT_OBJC_MSGSEND = YES;
				ENABLE_TESTABILITY = YES;
				GCC_C_LANGUAGE_STANDARD = gnu11;
				GCC_DYNAMIC_NO_PIC = NO;
				GCC_NO_COMMON_BLOCKS = YES;
				GCC_OPTIMIZATION_LEVEL = 0;
				GCC_PREPROCESSOR_DEFINITIONS = (
					"DEBUG=1",
					"$(inherited)",
				);
				GCC_WARN_64_TO_32_BIT_CONVERSION = YES;
				GCC_WARN_ABOUT_RETURN_TYPE = YES_ERROR;
				GCC_WARN_UNDECLARED_SELECTOR = YES;
				GCC_WARN_UNINITIALIZED_AUTOS = YES_AGGRESSIVE;
				GCC_WARN_UNUSED_FUNCTION = YES;
				GCC_WARN_UNUSED_VARIABLE = YES;
				IPHONEOS_DEPLOYMENT_TARGET = 13.2;
				MTL_ENABLE_DEBUG_INFO = INCLUDE_SOURCE;
				MTL_FAST_MATH = YES;
				ONLY_ACTIVE_ARCH = YES;
				SDKROOT = iphoneos;
				SWIFT_ACTIVE_COMPILATION_CONDITIONS = DEBUG;
				SWIFT_OPTIMIZATION_LEVEL = "-Onone";
			};
			name = Debug;
		};
		0B006CCF23B6647500B6222E /* Release */ = {
			isa = XCBuildConfiguration;
			buildSettings = {
				ALWAYS_SEARCH_USER_PATHS = NO;
				CLANG_ANALYZER_NONNULL = YES;
				CLANG_ANALYZER_NUMBER_OBJECT_CONVERSION = YES_AGGRESSIVE;
				CLANG_CXX_LANGUAGE_STANDARD = "gnu++14";
				CLANG_CXX_LIBRARY = "libc++";
				CLANG_ENABLE_MODULES = YES;
				CLANG_ENABLE_OBJC_ARC = YES;
				CLANG_ENABLE_OBJC_WEAK = YES;
				CLANG_WARN_BLOCK_CAPTURE_AUTORELEASING = YES;
				CLANG_WARN_BOOL_CONVERSION = YES;
				CLANG_WARN_COMMA = YES;
				CLANG_WARN_CONSTANT_CONVERSION = YES;
				CLANG_WARN_DEPRECATED_OBJC_IMPLEMENTATIONS = YES;
				CLANG_WARN_DIRECT_OBJC_ISA_USAGE = YES_ERROR;
				CLANG_WARN_DOCUMENTATION_COMMENTS = YES;
				CLANG_WARN_EMPTY_BODY = YES;
				CLANG_WARN_ENUM_CONVERSION = YES;
				CLANG_WARN_INFINITE_RECURSION = YES;
				CLANG_WARN_INT_CONVERSION = YES;
				CLANG_WARN_NON_LITERAL_NULL_CONVERSION = YES;
				CLANG_WARN_OBJC_IMPLICIT_RETAIN_SELF = YES;
				CLANG_WARN_OBJC_LITERAL_CONVERSION = YES;
				CLANG_WARN_OBJC_ROOT_CLASS = YES_ERROR;
				CLANG_WARN_RANGE_LOOP_ANALYSIS = YES;
				CLANG_WARN_STRICT_PROTOTYPES = YES;
				CLANG_WARN_SUSPICIOUS_MOVE = YES;
				CLANG_WARN_UNGUARDED_AVAILABILITY = YES_AGGRESSIVE;
				CLANG_WARN_UNREACHABLE_CODE = YES;
				CLANG_WARN__DUPLICATE_METHOD_MATCH = YES;
				COPY_PHASE_STRIP = NO;
				DEBUG_INFORMATION_FORMAT = "dwarf-with-dsym";
				ENABLE_NS_ASSERTIONS = NO;
				ENABLE_STRICT_OBJC_MSGSEND = YES;
				GCC_C_LANGUAGE_STANDARD = gnu11;
				GCC_NO_COMMON_BLOCKS = YES;
				GCC_WARN_64_TO_32_BIT_CONVERSION = YES;
				GCC_WARN_ABOUT_RETURN_TYPE = YES_ERROR;
				GCC_WARN_UNDECLARED_SELECTOR = YES;
				GCC_WARN_UNINITIALIZED_AUTOS = YES_AGGRESSIVE;
				GCC_WARN_UNUSED_FUNCTION = YES;
				GCC_WARN_UNUSED_VARIABLE = YES;
				IPHONEOS_DEPLOYMENT_TARGET = 13.2;
				MTL_ENABLE_DEBUG_INFO = NO;
				MTL_FAST_MATH = YES;
				SDKROOT = iphoneos;
				SWIFT_COMPILATION_MODE = wholemodule;
				SWIFT_OPTIMIZATION_LEVEL = "-O";
				VALIDATE_PRODUCT = YES;
			};
			name = Release;
		};
		0B006CD123B6647500B6222E /* Debug */ = {
			isa = XCBuildConfiguration;
			buildSettings = {
				ASSETCATALOG_COMPILER_APPICON_NAME = AppIcon;
				CODE_SIGN_STYLE = Automatic;
				INFOPLIST_FILE = Movie/Info.plist;
				LD_RUNPATH_SEARCH_PATHS = (
					"$(inherited)",
					"@executable_path/Frameworks",
				);
				PRODUCT_BUNDLE_IDENTIFIER = com.rupika.Movie;
				PRODUCT_NAME = "$(TARGET_NAME)";
				SWIFT_VERSION = 5.0;
				TARGETED_DEVICE_FAMILY = "1,2";
			};
			name = Debug;
		};
		0B006CD223B6647500B6222E /* Release */ = {
			isa = XCBuildConfiguration;
			buildSettings = {
				ASSETCATALOG_COMPILER_APPICON_NAME = AppIcon;
				CODE_SIGN_STYLE = Automatic;
				INFOPLIST_FILE = Movie/Info.plist;
				LD_RUNPATH_SEARCH_PATHS = (
					"$(inherited)",
					"@executable_path/Frameworks",
				);
				PRODUCT_BUNDLE_IDENTIFIER = com.rupika.Movie;
				PRODUCT_NAME = "$(TARGET_NAME)";
				SWIFT_VERSION = 5.0;
				TARGETED_DEVICE_FAMILY = "1,2";
			};
			name = Release;
		};
		0B006CD423B6647500B6222E /* Debug */ = {
			isa = XCBuildConfiguration;
			buildSettings = {
				ALWAYS_EMBED_SWIFT_STANDARD_LIBRARIES = YES;
				BUNDLE_LOADER = "$(TEST_HOST)";
				CODE_SIGN_STYLE = Automatic;
				INFOPLIST_FILE = MovieTests/Info.plist;
				IPHONEOS_DEPLOYMENT_TARGET = 13.2;
				LD_RUNPATH_SEARCH_PATHS = (
					"$(inherited)",
					"@executable_path/Frameworks",
					"@loader_path/Frameworks",
				);
				PRODUCT_BUNDLE_IDENTIFIER = com.rupika.MovieTests;
				PRODUCT_NAME = "$(TARGET_NAME)";
				SWIFT_VERSION = 5.0;
				TARGETED_DEVICE_FAMILY = "1,2";
				TEST_HOST = "$(BUILT_PRODUCTS_DIR)/Movie.app/Movie";
			};
			name = Debug;
		};
		0B006CD523B6647500B6222E /* Release */ = {
			isa = XCBuildConfiguration;
			buildSettings = {
				ALWAYS_EMBED_SWIFT_STANDARD_LIBRARIES = YES;
				BUNDLE_LOADER = "$(TEST_HOST)";
				CODE_SIGN_STYLE = Automatic;
				INFOPLIST_FILE = MovieTests/Info.plist;
				IPHONEOS_DEPLOYMENT_TARGET = 13.2;
				LD_RUNPATH_SEARCH_PATHS = (
					"$(inherited)",
					"@executable_path/Frameworks",
					"@loader_path/Frameworks",
				);
				PRODUCT_BUNDLE_IDENTIFIER = com.rupika.MovieTests;
				PRODUCT_NAME = "$(TARGET_NAME)";
				SWIFT_VERSION = 5.0;
				TARGETED_DEVICE_FAMILY = "1,2";
				TEST_HOST = "$(BUILT_PRODUCTS_DIR)/Movie.app/Movie";
			};
			name = Release;
		};
/* End XCBuildConfiguration section */

/* Begin XCConfigurationList section */
		0B006CAC23B6647100B6222E /* Build configuration list for PBXProject "Movie" */ = {
			isa = XCConfigurationList;
			buildConfigurations = (
				0B006CCE23B6647500B6222E /* Debug */,
				0B006CCF23B6647500B6222E /* Release */,
			);
			defaultConfigurationIsVisible = 0;
			defaultConfigurationName = Release;
		};
		0B006CD023B6647500B6222E /* Build configuration list for PBXNativeTarget "Movie" */ = {
			isa = XCConfigurationList;
			buildConfigurations = (
				0B006CD123B6647500B6222E /* Debug */,
				0B006CD223B6647500B6222E /* Release */,
			);
			defaultConfigurationIsVisible = 0;
			defaultConfigurationName = Release;
		};
		0B006CD323B6647500B6222E /* Build configuration list for PBXNativeTarget "MovieTests" */ = {
			isa = XCConfigurationList;
			buildConfigurations = (
				0B006CD423B6647500B6222E /* Debug */,
				0B006CD523B6647500B6222E /* Release */,
			);
			defaultConfigurationIsVisible = 0;
			defaultConfigurationName = Release;
		};
/* End XCConfigurationList section */
	};
	rootObject = 0B006CA923B6647100B6222E /* Project object */;
}
